
Microsoft Visual Studio Solution File, Format Version 12.00
# Visual Studio Version 17
VisualStudioVersion = 17.12.35527.113 d17.12
MinimumVisualStudioVersion = 10.0.40219.1
Project("{2150E333-8FDC-42A3-9474-1A3956D46DE8}") = "Proxy", "Proxy", "{2A04E96B-48C7-4046-9113-3BA41390F315}"
EndProject
Project("{FAE04EC0-301F-11D3-BF4B-00C04F79EFBC}") = "ProxyApp", "ProxyApp\ProxyApp.csproj", "{4CD34036-104D-472D-82C0-D33C8D15BF87}"
EndProject
Global
	GlobalSection(SolutionConfigurationPlatforms) = preSolution
		Debug|Any CPU = Debug|Any CPU
		Release|Any CPU = Release|Any CPU
	EndGlobalSection
	GlobalSection(ProjectConfigurationPlatforms) = postSolution
		{4CD34036-104D-472D-82C0-D33C8D15BF87}.Debug|Any CPU.ActiveCfg = Debug|Any CPU
		{4CD34036-104D-472D-82C0-D33C8D15BF87}.Debug|Any CPU.Build.0 = Debug|Any CPU
		{4CD34036-104D-472D-82C0-D33C8D15BF87}.Release|Any CPU.ActiveCfg = Release|Any CPU
		{4CD34036-104D-472D-82C0-D33C8D15BF87}.Release|Any CPU.Build.0 = Release|Any CPU
	EndGlobalSection
	GlobalSection(SolutionProperties) = preSolution
		HideSolutionNode = FALSE
	EndGlobalSection
EndGlobal
